
Microsoft Visual Studio Solution File, Format Version 12.00
# Visual Studio Version 16
VisualStudioVersion = 16.0.33801.447
MinimumVisualStudioVersion = 10.0.40219.1
Project("{8BC9CEB8-8B4A-11D0-8D11-00A0C91BC942}") = "SQLite_Demo", "SQLite_Demo\SQLite_Demo.vcxproj", "{5BE3211F-EB61-4E67-91D7-45309EBA9D43}"
EndProject
Global
	GlobalSection(SolutionConfigurationPlatforms) = preSolution
		Debug|x64 = Debug|x64
		Debug|x86 = Debug|x86
		Release|x64 = Release|x64
		Release|x86 = Release|x86
	EndGlobalSection
	GlobalSection(ProjectConfigurationPlatforms) = postSolution
		{5BE3211F-EB61-4E67-91D7-45309EBA9D43}.Debug|x64.ActiveCfg = Debug|x64
		{5BE3211F-EB61-4E67-91D7-45309EBA9D43}.Debug|x64.Build.0 = Debug|x64
		{5BE3211F-EB61-4E67-91D7-45309EBA9D43}.Debug|x86.ActiveCfg = Debug|Win32
		{5BE3211F-EB61-4E67-91D7-45309EBA9D43}.Debug|x86.Build.0 = Debug|Win32
		{5BE3211F-EB61-4E67-91D7-45309EBA9D43}.Release|x64.ActiveCfg = Release|x64
		{5BE3211F-EB61-4E67-91D7-45309EBA9D43}.Release|x64.Build.0 = Release|x64
		{5BE3211F-EB61-4E67-91D7-45309EBA9D43}.Release|x86.ActiveCfg = Release|Win32
		{5BE3211F-EB61-4E67-91D7-45309EBA9D43}.Release|x86.Build.0 = Release|Win32
	EndGlobalSection
	GlobalSection(SolutionProperties) = preSolution
		HideSolutionNode = FALSE
	EndGlobalSection
	GlobalSection(ExtensibilityGlobals) = postSolution
		SolutionGuid = {3D0AF6BD-AC8E-4F35-8345-A571AF6B2223}
	EndGlobalSection
EndGlobal
